
Microsoft Visual Studio Solution File, Format Version 12.00
# Visual Studio Version 16
VisualStudioVersion = 16.0.31624.102
MinimumVisualStudioVersion = 10.0.40219.1
Project("{FAE04EC0-301F-11D3-BF4B-00C04F79EFBC}") = "CarRental_WebAPI_Xamarin_Backend", "CarRental_WebAPI_Xamarin_Backend\CarRental_WebAPI_Xamarin_Backend.csproj", "{62CB3112-9886-4071-9F5A-061DDB868E75}"
EndProject
Global
	GlobalSection(SolutionConfigurationPlatforms) = preSolution
		Debug|Any CPU = Debug|Any CPU
		Release|Any CPU = Release|Any CPU
	EndGlobalSection
	GlobalSection(ProjectConfigurationPlatforms) = postSolution
		{62CB3112-9886-4071-9F5A-061DDB868E75}.Debug|Any CPU.ActiveCfg = Debug|Any CPU
		{62CB3112-9886-4071-9F5A-061DDB868E75}.Debug|Any CPU.Build.0 = Debug|Any CPU
		{62CB3112-9886-4071-9F5A-061DDB868E75}.Release|Any CPU.ActiveCfg = Release|Any CPU
		{62CB3112-9886-4071-9F5A-061DDB868E75}.Release|Any CPU.Build.0 = Release|Any CPU
	EndGlobalSection
	GlobalSection(SolutionProperties) = preSolution
		HideSolutionNode = FALSE
	EndGlobalSection
	GlobalSection(ExtensibilityGlobals) = postSolution
		SolutionGuid = {02AD70D6-37C7-48C9-A1EF-0E246F0292DB}
	EndGlobalSection
EndGlobal
